{"1.1.0",
[{<<"goldrush">>,{pkg,<<"goldrush">>,<<"0.1.7">>},1},
 {<<"jsx">>,{pkg,<<"jsx">>,<<"2.7.1">>},0},
 {<<"lager">>,{pkg,<<"lager">>,<<"3.0.1">>},0}]}.
[
{pkg_hash,[
 {<<"goldrush">>, <<"349A351D17C71C2FDAA18A6C2697562ABE136FEC945F147B381F0CF313160228">>},
 {<<"jsx">>, <<"30CA834AC0AC6D745E4103D62CCC123C81399E4C937B7751A0185EF16425EDA8">>},
 {<<"lager">>, <<"480F0DFF5A53EBD5937EF6B469B18BC776F911BD0A8B29328900BA3E8BBF63C6">>}]}
].
